{
  "name": "azure-service-bus-sample",
  "version": "1.0.0",
  "lockfileVersion": 1,
  "requires": true,
  "dependencies": {
    "@azure/abort-controller": {
      "version": "1.0.1",
      "resolved": "https://pkgs.dev.azure.com/FarmerConnectSA/_packaging/thank-my-farmer-models/npm/registry/@azure/abort-controller/-/abort-controller-1.0.1.tgz",
      "integrity": "sha1-hRCTWyWsBR5YkgMA6de1EcpuZWo=",
      "requires": {
        "tslib": "^1.9.3"
      }
    },
    "@azure/amqp-common": {
      "version": "1.0.0-preview.15",
      "resolved": "https://pkgs.dev.azure.com/FarmerConnectSA/_packaging/thank-my-farmer-models/npm/registry/@azure/amqp-common/-/amqp-common-1.0.0-preview.15.tgz",
      "integrity": "sha1-3Toe0iXWa6SK+c0B1Bbm1SYCN3c=",
      "requires": {
        "@types/async-lock": "^1.1.0",
        "@types/is-buffer": "^2.0.0",
        "async-lock": "^1.1.3",
        "buffer": "^5.2.1",
        "debug": "^3.1.0",
        "events": "^3.0.0",
        "is-buffer": "^2.0.3",
        "jssha": "^2.3.1",
        "process": "^0.11.10",
        "rhea": "^1.0.18",
        "rhea-promise": "^0.1.15",
        "stream-browserify": "^2.0.2",
        "tslib": "^1.9.3",
        "url": "^0.11.0",
        "util": "^0.11.1"
      },
      "dependencies": {
        "debug": {
          "version": "3.2.6",
          "resolved": "https://pkgs.dev.azure.com/FarmerConnectSA/_packaging/thank-my-farmer-models/npm/registry/debug/-/debug-3.2.6.tgz",
          "integrity": "sha1-6D0X3hbYp++3cX7b5fsQE17uYps=",
          "requires": {
            "ms": "^2.1.1"
          }
        }
      }
    },
    "@azure/core-auth": {
      "version": "1.1.3",
      "resolved": "https://pkgs.dev.azure.com/FarmerConnectSA/_packaging/thank-my-farmer-models/npm/registry/@azure/core-auth/-/core-auth-1.1.3.tgz",
      "integrity": "sha1-lOe7wgcBDnov26YVZUQ+Thzx4TE=",
      "requires": {
        "@azure/abort-controller": "^1.0.0",
        "@azure/core-tracing": "1.0.0-preview.8",
        "@opentelemetry/api": "^0.6.1",
        "tslib": "^2.0.0"
      },
      "dependencies": {
        "tslib": {
          "version": "2.0.0",
          "resolved": "https://pkgs.dev.azure.com/FarmerConnectSA/_packaging/thank-my-farmer-models/npm/registry/tslib/-/tslib-2.0.0.tgz",
          "integrity": "sha1-GNE/wtzgQFHiDwdMyDh/2Aic5PM="
        }
      }
    },
    "@azure/core-http": {
      "version": "1.1.4",
      "resolved": "https://pkgs.dev.azure.com/FarmerConnectSA/_packaging/thank-my-farmer-models/npm/registry/@azure/core-http/-/core-http-1.1.4.tgz",
      "integrity": "sha1-bxVCPW9i4dm8BRyktyTip9GM1uk=",
      "requires": {
        "@azure/abort-controller": "^1.0.0",
        "@azure/core-auth": "^1.1.3",
        "@azure/core-tracing": "1.0.0-preview.8",
        "@azure/logger": "^1.0.0",
        "@opentelemetry/api": "^0.6.1",
        "@types/node-fetch": "^2.5.0",
        "@types/tunnel": "^0.0.1",
        "form-data": "^3.0.0",
        "node-fetch": "^2.6.0",
        "process": "^0.11.10",
        "tough-cookie": "^4.0.0",
        "tslib": "^2.0.0",
        "tunnel": "^0.0.6",
        "uuid": "^8.1.0",
        "xml2js": "^0.4.19"
      },
      "dependencies": {
        "tslib": {
          "version": "2.0.0",
          "resolved": "https://pkgs.dev.azure.com/FarmerConnectSA/_packaging/thank-my-farmer-models/npm/registry/tslib/-/tslib-2.0.0.tgz",
          "integrity": "sha1-GNE/wtzgQFHiDwdMyDh/2Aic5PM="
        }
      }
    },
    "@azure/core-tracing": {
      "version": "1.0.0-preview.8",
      "resolved": "https://pkgs.dev.azure.com/FarmerConnectSA/_packaging/thank-my-farmer-models/npm/registry/@azure/core-tracing/-/core-tracing-1.0.0-preview.8.tgz",
      "integrity": "sha1-Hg/4V+hV7bd0/9M0dgA8J7W7JwU=",
      "requires": {
        "@opencensus/web-types": "0.0.7",
        "@opentelemetry/api": "^0.6.1",
        "tslib": "^1.10.0"
      }
    },
    "@azure/logger": {
      "version": "1.0.0",
      "resolved": "https://pkgs.dev.azure.com/FarmerConnectSA/_packaging/thank-my-farmer-models/npm/registry/@azure/logger/-/logger-1.0.0.tgz",
      "integrity": "sha1-SLNx37NCiMh5flwQT2xPtFvxdyw=",
      "requires": {
        "tslib": "^1.9.3"
      }
    },
    "@azure/service-bus": {
      "version": "1.1.8",
      "resolved": "https://pkgs.dev.azure.com/FarmerConnectSA/_packaging/thank-my-farmer-models/npm/registry/@azure/service-bus/-/service-bus-1.1.8.tgz",
      "integrity": "sha1-FGrSR34AfWn+UwMIAHmAi3AdTYc=",
      "requires": {
        "@azure/amqp-common": "1.0.0-preview.15",
        "@azure/core-http": "^1.0.0",
        "@opentelemetry/types": "^0.2.0",
        "@types/is-buffer": "^2.0.0",
        "@types/long": "^4.0.0",
        "buffer": "^5.2.1",
        "debug": "^4.1.1",
        "is-buffer": "^2.0.3",
        "long": "^4.0.0",
        "process": "^0.11.10",
        "rhea": "^1.0.23",
        "rhea-promise": "^0.1.15",
        "tslib": "^1.10.0"
      }
    },
    "@opencensus/web-types": {
      "version": "0.0.7",
      "resolved": "https://pkgs.dev.azure.com/FarmerConnectSA/_packaging/thank-my-farmer-models/npm/registry/@opencensus/web-types/-/web-types-0.0.7.tgz",
      "integrity": "sha1-RCbeH+Wqj2JNs5XSFSuQKHTwVwo="
    },
    "@opentelemetry/api": {
      "version": "0.6.1",
      "resolved": "https://pkgs.dev.azure.com/FarmerConnectSA/_packaging/thank-my-farmer-models/npm/registry/@opentelemetry/api/-/api-0.6.1.tgz",
      "integrity": "sha1-oAtQSAH0CCMLmtcZcW/pGtiIxkI=",
      "requires": {
        "@opentelemetry/context-base": "^0.6.1"
      }
    },
    "@opentelemetry/context-base": {
      "version": "0.6.1",
      "resolved": "https://pkgs.dev.azure.com/FarmerConnectSA/_packaging/thank-my-farmer-models/npm/registry/@opentelemetry/context-base/-/context-base-0.6.1.tgz",
      "integrity": "sha1-smDkVO5PljXqAk/IO+Il45fxU2M="
    },
    "@opentelemetry/types": {
      "version": "0.2.0",
      "resolved": "https://pkgs.dev.azure.com/FarmerConnectSA/_packaging/thank-my-farmer-models/npm/registry/@opentelemetry/types/-/types-0.2.0.tgz",
      "integrity": "sha1-Kgr9QPpwJuOepWpFRkK9pysXL4A="
    },
    "@types/async-lock": {
      "version": "1.1.2",
      "resolved": "https://pkgs.dev.azure.com/FarmerConnectSA/_packaging/thank-my-farmer-models/npm/registry/@types/async-lock/-/async-lock-1.1.2.tgz",
      "integrity": "sha1-y8JqNLEbg7KPd4OoQ8OTtEPvi+8="
    },
    "@types/is-buffer": {
      "version": "2.0.0",
      "resolved": "https://pkgs.dev.azure.com/FarmerConnectSA/_packaging/thank-my-farmer-models/npm/registry/@types/is-buffer/-/is-buffer-2.0.0.tgz",
      "integrity": "sha1-lN5NI1QGRt5fXfLNNGocFiBn6lo=",
      "requires": {
        "@types/node": "*"
      }
    },
    "@types/long": {
      "version": "4.0.1",
      "resolved": "https://pkgs.dev.azure.com/FarmerConnectSA/_packaging/thank-my-farmer-models/npm/registry/@types/long/-/long-4.0.1.tgz",
      "integrity": "sha1-RZxl+hhn2v5qjzIsTFFpVmPMVek="
    },
    "@types/node": {
      "version": "14.0.27",
      "resolved": "https://pkgs.dev.azure.com/FarmerConnectSA/_packaging/thank-my-farmer-models/npm/registry/@types/node/-/node-14.0.27.tgz",
      "integrity": "sha1-oVGHOvWl6FG1GzsGXJ5jOQqeDrE="
    },
    "@types/node-fetch": {
      "version": "2.5.7",
      "resolved": "https://pkgs.dev.azure.com/FarmerConnectSA/_packaging/thank-my-farmer-models/npm/registry/@types/node-fetch/-/node-fetch-2.5.7.tgz",
      "integrity": "sha1-IKKv/6iCqwTUTKeGRJonb59rvzw=",
      "requires": {
        "@types/node": "*",
        "form-data": "^3.0.0"
      }
    },
    "@types/tunnel": {
      "version": "0.0.1",
      "resolved": "https://pkgs.dev.azure.com/FarmerConnectSA/_packaging/thank-my-farmer-models/npm/registry/@types/tunnel/-/tunnel-0.0.1.tgz",
      "integrity": "sha1-DXJ3R2i3PfJvJd+RhCc6QtpysZw=",
      "requires": {
        "@types/node": "*"
      }
    },
    "async-lock": {
      "version": "1.2.4",
      "resolved": "https://pkgs.dev.azure.com/FarmerConnectSA/_packaging/thank-my-farmer-models/npm/registry/async-lock/-/async-lock-1.2.4.tgz",
      "integrity": "sha1-gNDWEjgwRd0MMOtarQhRDBOXy5E="
    },
    "asynckit": {
      "version": "0.4.0",
      "resolved": "https://pkgs.dev.azure.com/FarmerConnectSA/_packaging/thank-my-farmer-models/npm/registry/asynckit/-/asynckit-0.4.0.tgz",
      "integrity": "sha1-x57Zf380y48robyXkLzDZkdLS3k="
    },
    "base64-js": {
      "version": "1.3.1",
      "resolved": "https://pkgs.dev.azure.com/FarmerConnectSA/_packaging/thank-my-farmer-models/npm/registry/base64-js/-/base64-js-1.3.1.tgz",
      "integrity": "sha1-WOzoy3XdB+ce0IxzarxfrE2/jfE="
    },
    "buffer": {
      "version": "5.6.0",
      "resolved": "https://pkgs.dev.azure.com/FarmerConnectSA/_packaging/thank-my-farmer-models/npm/registry/buffer/-/buffer-5.6.0.tgz",
      "integrity": "sha1-oxdJ3H2B2E2wir+Te2uMQDP2J4Y=",
      "requires": {
        "base64-js": "^1.0.2",
        "ieee754": "^1.1.4"
      }
    },
    "combined-stream": {
      "version": "1.0.8",
      "resolved": "https://pkgs.dev.azure.com/FarmerConnectSA/_packaging/thank-my-farmer-models/npm/registry/combined-stream/-/combined-stream-1.0.8.tgz",
      "integrity": "sha1-w9RaizT9cwYxoRCoolIGgrMdWn8=",
      "requires": {
        "delayed-stream": "~1.0.0"
      }
    },
    "core-util-is": {
      "version": "1.0.2",
      "resolved": "https://pkgs.dev.azure.com/FarmerConnectSA/_packaging/thank-my-farmer-models/npm/registry/core-util-is/-/core-util-is-1.0.2.tgz",
      "integrity": "sha1-tf1UIgqivFq1eqtxQMlAdUUDwac="
    },
    "debug": {
      "version": "4.1.1",
      "resolved": "https://pkgs.dev.azure.com/FarmerConnectSA/_packaging/thank-my-farmer-models/npm/registry/debug/-/debug-4.1.1.tgz",
      "integrity": "sha1-O3ImAlUQnGtYnO4FDx1RYTlmR5E=",
      "requires": {
        "ms": "^2.1.1"
      }
    },
    "delayed-stream": {
      "version": "1.0.0",
      "resolved": "https://pkgs.dev.azure.com/FarmerConnectSA/_packaging/thank-my-farmer-models/npm/registry/delayed-stream/-/delayed-stream-1.0.0.tgz",
      "integrity": "sha1-3zrhmayt+31ECqrgsp4icrJOxhk="
    },
    "dotenv": {
      "version": "8.2.0",
      "resolved": "https://pkgs.dev.azure.com/FarmerConnectSA/_packaging/thank-my-farmer-models/npm/registry/dotenv/-/dotenv-8.2.0.tgz",
      "integrity": "sha1-l+YZJZradQ7qPk6j4mvO6lQksWo="
    },
    "events": {
      "version": "3.2.0",
      "resolved": "https://pkgs.dev.azure.com/FarmerConnectSA/_packaging/thank-my-farmer-models/npm/registry/events/-/events-3.2.0.tgz",
      "integrity": "sha1-k7h8GPjvzUICpGGuxN/AVWtjk3k="
    },
    "form-data": {
      "version": "3.0.0",
      "resolved": "https://pkgs.dev.azure.com/FarmerConnectSA/_packaging/thank-my-farmer-models/npm/registry/form-data/-/form-data-3.0.0.tgz",
      "integrity": "sha1-MbfjnIXxNVtxOe4MZHzw3n+DxoI=",
      "requires": {
        "asynckit": "^0.4.0",
        "combined-stream": "^1.0.8",
        "mime-types": "^2.1.12"
      }
    },
    "ieee754": {
      "version": "1.1.13",
      "resolved": "https://pkgs.dev.azure.com/FarmerConnectSA/_packaging/thank-my-farmer-models/npm/registry/ieee754/-/ieee754-1.1.13.tgz",
      "integrity": "sha1-7BaFWOlaoYH9h9N/VcMrvLZwi4Q="
    },
    "inherits": {
      "version": "2.0.4",
      "resolved": "https://pkgs.dev.azure.com/FarmerConnectSA/_packaging/thank-my-farmer-models/npm/registry/inherits/-/inherits-2.0.4.tgz",
      "integrity": "sha1-D6LGT5MpF8NDOg3tVTY6rjdBa3w="
    },
    "is-buffer": {
      "version": "2.0.4",
      "resolved": "https://pkgs.dev.azure.com/FarmerConnectSA/_packaging/thank-my-farmer-models/npm/registry/is-buffer/-/is-buffer-2.0.4.tgz",
      "integrity": "sha1-PlcvI8hBGlz9lVfISeNmXgspBiM="
    },
    "isarray": {
      "version": "1.0.0",
      "resolved": "https://pkgs.dev.azure.com/FarmerConnectSA/_packaging/thank-my-farmer-models/npm/registry/isarray/-/isarray-1.0.0.tgz",
      "integrity": "sha1-u5NdSFgsuhaMBoNJV6VKPgcSTxE="
    },
    "jssha": {
      "version": "2.4.2",
      "resolved": "https://pkgs.dev.azure.com/FarmerConnectSA/_packaging/thank-my-farmer-models/npm/registry/jssha/-/jssha-2.4.2.tgz",
      "integrity": "sha1-2VCwlWNJKL1rK9odQtqaOnYtZek="
    },
    "long": {
      "version": "4.0.0",
      "resolved": "https://pkgs.dev.azure.com/FarmerConnectSA/_packaging/thank-my-farmer-models/npm/registry/long/-/long-4.0.0.tgz",
      "integrity": "sha1-mntxz7fTYaGU6lVSQckvdGjVvyg="
    },
    "mime-db": {
      "version": "1.44.0",
      "resolved": "https://pkgs.dev.azure.com/FarmerConnectSA/_packaging/thank-my-farmer-models/npm/registry/mime-db/-/mime-db-1.44.0.tgz",
      "integrity": "sha1-+hHF6wrKEzS0Izy01S8QxaYnL5I="
    },
    "mime-types": {
      "version": "2.1.27",
      "resolved": "https://pkgs.dev.azure.com/FarmerConnectSA/_packaging/thank-my-farmer-models/npm/registry/mime-types/-/mime-types-2.1.27.tgz",
      "integrity": "sha1-R5SfmOJ56lMRn1ci4PNOUpvsAJ8=",
      "requires": {
        "mime-db": "1.44.0"
      }
    },
    "ms": {
      "version": "2.1.2",
      "resolved": "https://pkgs.dev.azure.com/FarmerConnectSA/_packaging/thank-my-farmer-models/npm/registry/ms/-/ms-2.1.2.tgz",
      "integrity": "sha1-0J0fNXtEP0kzgqjrPM0YOHKuYAk="
    },
    "node-fetch": {
      "version": "2.6.7",
      "resolved": "https://registry.npmjs.org/node-fetch/-/node-fetch-2.6.7.tgz",
      "integrity": "sha512-ZjMPFEfVx5j+y2yF35Kzx5sF7kDzxuDj6ziH4FFbOp87zKDZNx8yExJIb05OGF4Nlt9IHFIMBkRl41VdvcNdbQ==",
      "requires": {
        "whatwg-url": "^5.0.0"
      }
    },
    "process": {
      "version": "0.11.10",
      "resolved": "https://pkgs.dev.azure.com/FarmerConnectSA/_packaging/thank-my-farmer-models/npm/registry/process/-/process-0.11.10.tgz",
      "integrity": "sha1-czIwDoQBYb2j5podHZGn1LwW8YI="
    },
    "process-nextick-args": {
      "version": "2.0.1",
      "resolved": "https://pkgs.dev.azure.com/FarmerConnectSA/_packaging/thank-my-farmer-models/npm/registry/process-nextick-args/-/process-nextick-args-2.0.1.tgz",
      "integrity": "sha1-eCDZsWEgzFXKmud5JoCufbptf+I="
    },
    "psl": {
      "version": "1.8.0",
      "resolved": "https://pkgs.dev.azure.com/FarmerConnectSA/_packaging/thank-my-farmer-models/npm/registry/psl/-/psl-1.8.0.tgz",
      "integrity": "sha1-kyb4vPsBOtzABf3/BWrM4CDlHCQ="
    },
    "punycode": {
      "version": "1.3.2",
      "resolved": "https://pkgs.dev.azure.com/FarmerConnectSA/_packaging/thank-my-farmer-models/npm/registry/punycode/-/punycode-1.3.2.tgz",
      "integrity": "sha1-llOgNvt8HuQjQvIyXM7v6jkmxI0="
    },
    "querystring": {
      "version": "0.2.0",
      "resolved": "https://pkgs.dev.azure.com/FarmerConnectSA/_packaging/thank-my-farmer-models/npm/registry/querystring/-/querystring-0.2.0.tgz",
      "integrity": "sha1-sgmEkgO7Jd+CDadW50cAWHhSFiA="
    },
    "readable-stream": {
      "version": "2.3.7",
      "resolved": "https://pkgs.dev.azure.com/FarmerConnectSA/_packaging/thank-my-farmer-models/npm/registry/readable-stream/-/readable-stream-2.3.7.tgz",
      "integrity": "sha1-Hsoc9xGu+BTAT2IlKjamL2yyO1c=",
      "requires": {
        "core-util-is": "~1.0.0",
        "inherits": "~2.0.3",
        "isarray": "~1.0.0",
        "process-nextick-args": "~2.0.0",
        "safe-buffer": "~5.1.1",
        "string_decoder": "~1.1.1",
        "util-deprecate": "~1.0.1"
      }
    },
    "rhea": {
      "version": "1.0.23",
      "resolved": "https://pkgs.dev.azure.com/FarmerConnectSA/_packaging/thank-my-farmer-models/npm/registry/rhea/-/rhea-1.0.23.tgz",
      "integrity": "sha1-oxaIeDHYHft2mvZ0grkGOoTxoWM=",
      "requires": {
        "debug": "0.8.0 - 3.5.0"
      },
      "dependencies": {
        "debug": {
          "version": "3.2.6",
          "resolved": "https://pkgs.dev.azure.com/FarmerConnectSA/_packaging/thank-my-farmer-models/npm/registry/debug/-/debug-3.2.6.tgz",
          "integrity": "sha1-6D0X3hbYp++3cX7b5fsQE17uYps=",
          "requires": {
            "ms": "^2.1.1"
          }
        }
      }
    },
    "rhea-promise": {
      "version": "0.1.15",
      "resolved": "https://pkgs.dev.azure.com/FarmerConnectSA/_packaging/thank-my-farmer-models/npm/registry/rhea-promise/-/rhea-promise-0.1.15.tgz",
      "integrity": "sha1-ABdTJDUiJEJNWbdxL68UCXqE6PI=",
      "requires": {
        "debug": "^3.1.0",
        "rhea": "^1.0.4",
        "tslib": "^1.9.3"
      },
      "dependencies": {
        "debug": {
          "version": "3.2.6",
          "resolved": "https://pkgs.dev.azure.com/FarmerConnectSA/_packaging/thank-my-farmer-models/npm/registry/debug/-/debug-3.2.6.tgz",
          "integrity": "sha1-6D0X3hbYp++3cX7b5fsQE17uYps=",
          "requires": {
            "ms": "^2.1.1"
          }
        }
      }
    },
    "safe-buffer": {
      "version": "5.1.2",
      "resolved": "https://pkgs.dev.azure.com/FarmerConnectSA/_packaging/thank-my-farmer-models/npm/registry/safe-buffer/-/safe-buffer-5.1.2.tgz",
      "integrity": "sha1-mR7GnSluAxN0fVm9/St0XDX4go0="
    },
    "sax": {
      "version": "1.2.4",
      "resolved": "https://pkgs.dev.azure.com/FarmerConnectSA/_packaging/thank-my-farmer-models/npm/registry/sax/-/sax-1.2.4.tgz",
      "integrity": "sha1-KBYjTiN4vdxOU1T6tcqold9xANk="
    },
    "stream-browserify": {
      "version": "2.0.2",
      "resolved": "https://pkgs.dev.azure.com/FarmerConnectSA/_packaging/thank-my-farmer-models/npm/registry/stream-browserify/-/stream-browserify-2.0.2.tgz",
      "integrity": "sha1-h1IdOKRKp+6RzhzSpH3wy0ndZgs=",
      "requires": {
        "inherits": "~2.0.1",
        "readable-stream": "^2.0.2"
      }
    },
    "string_decoder": {
      "version": "1.1.1",
      "resolved": "https://pkgs.dev.azure.com/FarmerConnectSA/_packaging/thank-my-farmer-models/npm/registry/string_decoder/-/string_decoder-1.1.1.tgz",
      "integrity": "sha1-nPFhG6YmhdcDCunkujQUnDrwP8g=",
      "requires": {
        "safe-buffer": "~5.1.0"
      }
    },
    "tough-cookie": {
      "version": "4.0.0",
      "resolved": "https://pkgs.dev.azure.com/FarmerConnectSA/_packaging/thank-my-farmer-models/npm/registry/tough-cookie/-/tough-cookie-4.0.0.tgz",
      "integrity": "sha1-2CIjTuyogvmR8PkIgkrSYi3b7OQ=",
      "requires": {
        "psl": "^1.1.33",
        "punycode": "^2.1.1",
        "universalify": "^0.1.2"
      },
      "dependencies": {
        "punycode": {
          "version": "2.1.1",
          "resolved": "https://pkgs.dev.azure.com/FarmerConnectSA/_packaging/thank-my-farmer-models/npm/registry/punycode/-/punycode-2.1.1.tgz",
          "integrity": "sha1-tYsBCsQMIsVldhbI0sLALHv0eew="
        }
      }
    },
    "tr46": {
      "version": "0.0.3",
      "resolved": "https://registry.npmjs.org/tr46/-/tr46-0.0.3.tgz",
      "integrity": "sha1-gYT9NH2snNwYWZLzpmIuFLnZq2o="
    },
    "tslib": {
      "version": "1.13.0",
      "resolved": "https://pkgs.dev.azure.com/FarmerConnectSA/_packaging/thank-my-farmer-models/npm/registry/tslib/-/tslib-1.13.0.tgz",
      "integrity": "sha1-yIHhPMcBWJTtkUhi0nZDb6mkcEM="
    },
    "tunnel": {
      "version": "0.0.6",
      "resolved": "https://pkgs.dev.azure.com/FarmerConnectSA/_packaging/thank-my-farmer-models/npm/registry/tunnel/-/tunnel-0.0.6.tgz",
      "integrity": "sha1-cvExSzSlsZLbASMk3yzFh8pH+Sw="
    },
    "universalify": {
      "version": "0.1.2",
      "resolved": "https://pkgs.dev.azure.com/FarmerConnectSA/_packaging/thank-my-farmer-models/npm/registry/universalify/-/universalify-0.1.2.tgz",
      "integrity": "sha1-tkb2m+OULavOzJ1mOcgNwQXvqmY="
    },
    "url": {
      "version": "0.11.0",
      "resolved": "https://pkgs.dev.azure.com/FarmerConnectSA/_packaging/thank-my-farmer-models/npm/registry/url/-/url-0.11.0.tgz",
      "integrity": "sha1-ODjpfPxgUh63PFJajlW/3Z4uKPE=",
      "requires": {
        "punycode": "1.3.2",
        "querystring": "0.2.0"
      }
    },
    "util": {
      "version": "0.11.1",
      "resolved": "https://pkgs.dev.azure.com/FarmerConnectSA/_packaging/thank-my-farmer-models/npm/registry/util/-/util-0.11.1.tgz",
      "integrity": "sha1-MjZzNyDsZLsn9uJvQhqqLhtYjWE=",
      "requires": {
        "inherits": "2.0.3"
      },
      "dependencies": {
        "inherits": {
          "version": "2.0.3",
          "resolved": "https://pkgs.dev.azure.com/FarmerConnectSA/_packaging/thank-my-farmer-models/npm/registry/inherits/-/inherits-2.0.3.tgz",
          "integrity": "sha1-Yzwsg+PaQqUC9SRmAiSA9CCCYd4="
        }
      }
    },
    "util-deprecate": {
      "version": "1.0.2",
      "resolved": "https://pkgs.dev.azure.com/FarmerConnectSA/_packaging/thank-my-farmer-models/npm/registry/util-deprecate/-/util-deprecate-1.0.2.tgz",
      "integrity": "sha1-RQ1Nyfpw3nMnYvvS1KKJgUGaDM8="
    },
    "uuid": {
      "version": "8.3.0",
      "resolved": "https://pkgs.dev.azure.com/FarmerConnectSA/_packaging/thank-my-farmer-models/npm/registry/uuid/-/uuid-8.3.0.tgz",
      "integrity": "sha1-q3OAhcoi3JqMknJeRZsdUH311uo="
    },
    "webidl-conversions": {
      "version": "3.0.1",
      "resolved": "https://registry.npmjs.org/webidl-conversions/-/webidl-conversions-3.0.1.tgz",
      "integrity": "sha1-JFNCdeKnvGvnvIZhHMFq4KVlSHE="
    },
    "whatwg-url": {
      "version": "5.0.0",
      "resolved": "https://registry.npmjs.org/whatwg-url/-/whatwg-url-5.0.0.tgz",
      "integrity": "sha1-lmRU6HZUYuN2RNNib2dCzotwll0=",
      "requires": {
        "tr46": "~0.0.3",
        "webidl-conversions": "^3.0.0"
      }
    },
    "xml2js": {
      "version": "0.4.23",
      "resolved": "https://pkgs.dev.azure.com/FarmerConnectSA/_packaging/thank-my-farmer-models/npm/registry/xml2js/-/xml2js-0.4.23.tgz",
      "integrity": "sha1-oMaVFnUkIesqx1juTUzPWIQ+rGY=",
      "requires": {
        "sax": ">=0.6.0",
        "xmlbuilder": "~11.0.0"
      }
    },
    "xmlbuilder": {
      "version": "11.0.1",
      "resolved": "https://pkgs.dev.azure.com/FarmerConnectSA/_packaging/thank-my-farmer-models/npm/registry/xmlbuilder/-/xmlbuilder-11.0.1.tgz",
      "integrity": "sha1-vpuuHIoEbnazESdyY0fQrXACvrM="
    }
  }
}
